
Microsoft Visual Studio Solution File, Format Version 12.00
# Visual Studio Version 17
VisualStudioVersion = 17.14.36511.14 d17.14
MinimumVisualStudioVersion = 10.0.40219.1
Project("{FAE04EC0-301F-11D3-BF4B-00C04F79EFBC}") = "TjuvOchPolis", "TjuvOchPolis.csproj", "{1E64B475-B047-4DE6-970F-1E7ED58680A7}"
EndProject
Global
	GlobalSection(SolutionConfigurationPlatforms) = preSolution
		Debug|Any CPU = Debug|Any CPU
		Release|Any CPU = Release|Any CPU
	EndGlobalSection
	GlobalSection(ProjectConfigurationPlatforms) = postSolution
		{1E64B475-B047-4DE6-970F-1E7ED58680A7}.Debug|Any CPU.ActiveCfg = Debug|Any CPU
		{1E64B475-B047-4DE6-970F-1E7ED58680A7}.Debug|Any CPU.Build.0 = Debug|Any CPU
		{1E64B475-B047-4DE6-970F-1E7ED58680A7}.Release|Any CPU.ActiveCfg = Release|Any CPU
		{1E64B475-B047-4DE6-970F-1E7ED58680A7}.Release|Any CPU.Build.0 = Release|Any CPU
	EndGlobalSection
	GlobalSection(SolutionProperties) = preSolution
		HideSolutionNode = FALSE
	EndGlobalSection
	GlobalSection(ExtensibilityGlobals) = postSolution
		SolutionGuid = {6A86D3BF-97F6-42FC-82F4-42D4AFE29B5C}
	EndGlobalSection
EndGlobal
